// !$*UTF8*$!
{
	archiveVersion = 1;
	classes = {
	};
	objectVersion = 46;
	objects = {

/* Begin PBXBuildFile section */
		EECD3C991C23E57400C60BF9 /* main.swift in Sources */ = {isa = PBXBuildFile; fileRef = EECD3C981C23E57400C60BF9 /* main.swift */; };
		EECD3CA41C241BF800C60BF9 /* setSwift.swift in Sources */ = {isa = PBXBuildFile; fileRef = EECD3CA31C241BF800C60BF9 /* setSwift.swift */; };
/* End PBXBuildFile section */

/* Begin PBXCopyFilesBuildPhase section */
		EECD3C931C23E57400C60BF9 /* CopyFiles */ = {
			isa = PBXCopyFilesBuildPhase;
			buildActionMask = 2147483647;
			dstPath = /usr/share/man/man1/;
			dstSubfolderSpec = 0;
			files = (
			);
			runOnlyForDeploymentPostprocessing = 1;
		};
/* End PBXCopyFilesBuildPhase section */

/* Begin PBXFileReference section */
		EECD3C951C23E57400C60BF9 /* swift_basis */ = {isa = PBXFileReference; explicitFileType = "compiled.mach-o.executable"; includeInIndex = 0; path = swift_basis; sourceTree = BUILT_PRODUCTS_DIR; };
		EECD3C981C23E57400C60BF9 /* main.swift */ = {isa = PBXFileReference; lastKnownFileType = sourcecode.swift; path = main.swift; sourceTree = "<group>"; };
		EECD3CA31C241BF800C60BF9 /* setSwift.swift */ = {isa = PBXFileReference; fileEncoding = 4; lastKnownFileType = sourcecode.swift; path = setSwift.swift; sourceTree = "<group>"; };
/* End PBXFileReference section */

/* Begin PBXFrameworksBuildPhase section */
		EECD3C921C23E57400C60BF9 /* Frameworks */ = {
			isa = PBXFrameworksBuildPhase;
			buildActionMask = 2147483647;
			files = (
			);
			runOnlyForDeploymentPostprocessing = 0;
		};
/* End PBXFrameworksBuildPhase section */

/* Begin PBXGroup section */
		EECD3C8C1C23E57400C60BF9 = {
			isa = PBXGroup;
			children = (
				EECD3C971C23E57400C60BF9 /* swift_basis */,
				EECD3C961C23E57400C60BF9 /* Products */,
			);
			sourceTree = "<group>";
		};
		EECD3C961C23E57400C60BF9 /* Products */ = {
			isa = PBXGroup;
			children = (
				EECD3C951C23E57400C60BF9 /* swift_basis */,
			);
			name = Products;
			sourceTree = "<group>";
		};
		EECD3C971C23E57400C60BF9 /* swift_basis */ = {
			isa = PBXGroup;
			children = (
				EECD3C981C23E57400C60BF9 /* main.swift */,
				EECD3CA31C241BF800C60BF9 /* setSwift.swift */,
			);
			path = swift_basis;
			sourceTree = "<group>";
		};
/* End PBXGroup section */

/* Begin PBXNativeTarget section */
		EECD3C941C23E57400C60BF9 /* swift_basis */ = {
			isa = PBXNativeTarget;
			buildConfigurationList = EECD3C9C1C23E57400C60BF9 /* Build configuration list for PBXNativeTarget "swift_basis" */;
			buildPhases = (
				EECD3C911C23E57400C60BF9 /* Sources */,
				EECD3C921C23E57400C60BF9 /* Frameworks */,
				EECD3C931C23E57400C60BF9 /* CopyFiles */,
			);
			buildRules = (
			);
			dependencies = (
			);
			name = swift_basis;
			productName = swift_basis;
			productReference = EECD3C951C23E57400C60BF9 /* swift_basis */;
			productType = "com.apple.product-type.tool";
		};
/* End PBXNativeTarget section */

/* Begin PBXProject section */
		EECD3C8D1C23E57400C60BF9 /* Project object */ = {
			isa = PBXProject;
			attributes = {
				LastSwiftUpdateCheck = 0710;
				LastUpgradeCheck = 0710;
				ORGANIZATIONNAME = "张锦辉";
				TargetAttributes = {
					EECD3C941C23E57400C60BF9 = {
						CreatedOnToolsVersion = 7.1.1;
					};
				};
			};
			buildConfigurationList = EECD3C901C23E57400C60BF9 /* Build configuration list for PBXProject "swift_basis" */;
			compatibilityVersion = "Xcode 3.2";
			developmentRegion = English;
			hasScannedForEncodings = 0;
			knownRegions = (
				en,
			);
			mainGroup = EECD3C8C1C23E57400C60BF9;
			productRefGroup = EECD3C961C23E57400C60BF9 /* Products */;
			projectDirPath = "";
			projectRoot = "";
			targets = (
				EECD3C941C23E57400C60BF9 /* swift_basis */,
			);
		};
/* End PBXProject section */

/* Begin PBXSourcesBuildPhase section */
		EECD3C911C23E57400C60BF9 /* Sources */ = {
			isa = PBXSourcesBuildPhase;
			buildActionMask = 2147483647;
			files = (
				EECD3CA41C241BF800C60BF9 /* setSwift.swift in Sources */,
				EECD3C991C23E57400C60BF9 /* main.swift in Sources */,
			);
			runOnlyForDeploymentPostprocessing = 0;
		};
/* End PBXSourcesBuildPhase section */

/* Begin XCBuildConfiguration section */
		EECD3C9A1C23E57400C60BF9 /* Debug */ = {
			isa = XCBuildConfiguration;
			buildSettings = {
				ALWAYS_SEARCH_USER_PATHS = NO;
				CLANG_CXX_LANGUAGE_STANDARD = "gnu++0x";
				CLANG_CXX_LIBRARY = "libc++";
				CLANG_ENABLE_MODULES = YES;
				CLANG_ENABLE_OBJC_ARC = YES;
				CLANG_WARN_BOOL_CONVERSION = YES;
				CLANG_WARN_CONSTANT_CONVERSION = YES;
				CLANG_WARN_DIRECT_OBJC_ISA_USAGE = YES_ERROR;
				CLANG_WARN_EMPTY_BODY = YES;
				CLANG_WARN_ENUM_CONVERSION = YES;
				CLANG_WARN_INT_CONVERSION = YES;
				CLANG_WARN_OBJC_ROOT_CLASS = YES_ERROR;
				CLANG_WARN_UNREACHABLE_CODE = YES;
				CLANG_WARN__DUPLICATE_METHOD_MATCH = YES;
				CODE_SIGN_IDENTITY = "-";
				COPY_PHASE_STRIP = NO;
				DEBUG_INFORMATION_FORMAT = dwarf;
				ENABLE_STRICT_OBJC_MSGSEND = YES;
				ENABLE_TESTABILITY = YES;
				GCC_C_LANGUAGE_STANDARD = gnu99;
				GCC_DYNAMIC_NO_PIC = NO;
				GCC_NO_COMMON_BLOCKS = YES;
				GCC_OPTIMIZATION_LEVEL = 0;
				GCC_PREPROCESSOR_DEFINITIONS = (
					"DEBUG=1",
					"$(inherited)",
				);
				GCC_WARN_64_TO_32_BIT_CONVERSION = YES;
				GCC_WARN_ABOUT_RETURN_TYPE = YES_ERROR;
				GCC_WARN_UNDECLARED_SELECTOR = YES;
				GCC_WARN_UNINITIALIZED_AUTOS = YES_AGGRESSIVE;
				GCC_WARN_UNUSED_FUNCTION = YES;
				GCC_WARN_UNUSED_VARIABLE = YES;
				MACOSX_DEPLOYMENT_TARGET = 10.11;
				MTL_ENABLE_DEBUG_INFO = YES;
				ONLY_ACTIVE_ARCH = YES;
				SDKROOT = macosx;
				SWIFT_OPTIMIZATION_LEVEL = "-Onone";
			};
			name = Debug;
		};
		EECD3C9B1C23E57400C60BF9 /* Release */ = {
			isa = XCBuildConfiguration;
			buildSettings = {
				ALWAYS_SEARCH_USER_PATHS = NO;
				CLANG_CXX_LANGUAGE_STANDARD = "gnu++0x";
				CLANG_CXX_LIBRARY = "libc++";
				CLANG_ENABLE_MODULES = YES;
				CLANG_ENABLE_OBJC_ARC = YES;
				CLANG_WARN_BOOL_CONVERSION = YES;
				CLANG_WARN_CONSTANT_CONVERSION = YES;
				CLANG_WARN_DIRECT_OBJC_ISA_USAGE = YES_ERROR;
				CLANG_WARN_EMPTY_BODY = YES;
				CLANG_WARN_ENUM_CONVERSION = YES;
				CLANG_WARN_INT_CONVERSION = YES;
				CLANG_WARN_OBJC_ROOT_CLASS = YES_ERROR;
				CLANG_WARN_UNREACHABLE_CODE = YES;
				CLANG_WARN__DUPLICATE_METHOD_MATCH = YES;
				CODE_SIGN_IDENTITY = "-";
				COPY_PHASE_STRIP = NO;
				DEBUG_INFORMATION_FORMAT = "dwarf-with-dsym";
				ENABLE_NS_ASSERTIONS = NO;
				ENABLE_STRICT_OBJC_MSGSEND = YES;
				GCC_C_LANGUAGE_STANDARD = gnu99;
				GCC_NO_COMMON_BLOCKS = YES;
				GCC_WARN_64_TO_32_BIT_CONVERSION = YES;
				GCC_WARN_ABOUT_RETURN_TYPE = YES_ERROR;
				GCC_WARN_UNDECLARED_SELECTOR = YES;
				GCC_WARN_UNINITIALIZED_AUTOS = YES_AGGRESSIVE;
				GCC_WARN_UNUSED_FUNCTION = YES;
				GCC_WARN_UNUSED_VARIABLE = YES;
				MACOSX_DEPLOYMENT_TARGET = 10.11;
				MTL_ENABLE_DEBUG_INFO = NO;
				SDKROOT = macosx;
			};
			name = Release;
		};
		EECD3C9D1C23E57400C60BF9 /* Debug */ = {
			isa = XCBuildConfiguration;
			buildSettings = {
				PRODUCT_NAME = "$(TARGET_NAME)";
			};
			name = Debug;
		};
		EECD3C9E1C23E57400C60BF9 /* Release */ = {
			isa = XCBuildConfiguration;
			buildSettings = {
				PRODUCT_NAME = "$(TARGET_NAME)";
			};
			name = Release;
		};
/* End XCBuildConfiguration section */

/* Begin XCConfigurationList section */
		EECD3C901C23E57400C60BF9 /* Build configuration list for PBXProject "swift_basis" */ = {
			isa = XCConfigurationList;
			buildConfigurations = (
				EECD3C9A1C23E57400C60BF9 /* Debug */,
				EECD3C9B1C23E57400C60BF9 /* Release */,
			);
			defaultConfigurationIsVisible = 0;
			defaultConfigurationName = Release;
		};
		EECD3C9C1C23E57400C60BF9 /* Build configuration list for PBXNativeTarget "swift_basis" */ = {
			isa = XCConfigurationList;
			buildConfigurations = (
				EECD3C9D1C23E57400C60BF9 /* Debug */,
				EECD3C9E1C23E57400C60BF9 /* Release */,
			);
			defaultConfigurationIsVisible = 0;
		};
/* End XCConfigurationList section */
	};
	rootObject = EECD3C8D1C23E57400C60BF9 /* Project object */;
}
